
Microsoft Visual Studio Solution File, Format Version 12.00
# Visual Studio Version 17
VisualStudioVersion = 17.12.35209.166
MinimumVisualStudioVersion = 10.0.40219.1
Project("{FAE04EC0-301F-11D3-BF4B-00C04F79EFBC}") = "FoodOrderApi", "FoodOrderApi\FoodOrderApi.csproj", "{205F3D25-09D4-41C7-87B8-B9359D62A692}"
EndProject
Global
	GlobalSection(SolutionConfigurationPlatforms) = preSolution
		Debug|Any CPU = Debug|Any CPU
		Release|Any CPU = Release|Any CPU
	EndGlobalSection
	GlobalSection(ProjectConfigurationPlatforms) = postSolution
		{205F3D25-09D4-41C7-87B8-B9359D62A692}.Debug|Any CPU.ActiveCfg = Debug|Any CPU
		{205F3D25-09D4-41C7-87B8-B9359D62A692}.Debug|Any CPU.Build.0 = Debug|Any CPU
		{205F3D25-09D4-41C7-87B8-B9359D62A692}.Release|Any CPU.ActiveCfg = Release|Any CPU
		{205F3D25-09D4-41C7-87B8-B9359D62A692}.Release|Any CPU.Build.0 = Release|Any CPU
	EndGlobalSection
	GlobalSection(SolutionProperties) = preSolution
		HideSolutionNode = FALSE
	EndGlobalSection
	GlobalSection(ExtensibilityGlobals) = postSolution
		SolutionGuid = {3F7E40CC-DCBD-4F9D-BFB2-A03719DEFD66}
	EndGlobalSection
EndGlobal
